
Microsoft Visual Studio Solution File, Format Version 12.00
# Visual Studio 14
VisualStudioVersion = 14.0.25420.1
MinimumVisualStudioVersion = 10.0.40219.1
Project("{FAE04EC0-301F-11D3-BF4B-00C04F79EFBC}") = "XamDay.Droid", "XamDay\XamDay.Droid\XamDay.Droid.csproj", "{0A5D3C26-2CC0-43C1-A044-1179CEE130E6}"
EndProject
Project("{FAE04EC0-301F-11D3-BF4B-00C04F79EFBC}") = "XamDay.iOS", "XamDay\XamDay.iOS\XamDay.iOS.csproj", "{309CC628-7617-4BAC-BA65-52854C789252}"
EndProject
Project("{FAE04EC0-301F-11D3-BF4B-00C04F79EFBC}") = "XamDay.WinPhone", "XamDay\XamDay.WinPhone\XamDay.WinPhone.csproj", "{DA814D49-2201-4013-93AF-0F623CD4ED0A}"
EndProject
Project("{FAE04EC0-301F-11D3-BF4B-00C04F79EFBC}") = "XamDay.UWP", "XamDay\XamDay.UWP\XamDay.UWP.csproj", "{F5C6FAC3-B2F7-4703-B0CC-CE5B8624BB3C}"
EndProject
Project("{FAE04EC0-301F-11D3-BF4B-00C04F79EFBC}") = "XamDay.Windows", "XamDay\XamDay.Windows\XamDay.Windows.csproj", "{E861C56A-6FAC-4A1F-B048-ED3566D1E3DC}"
EndProject
Project("{FAE04EC0-301F-11D3-BF4B-00C04F79EFBC}") = "XamDay", "XamDay\XamDay\XamDay.csproj", "{07DAE35B-8EED-4395-BD4B-CA3FCF1A00A1}"
EndProject
Global
	GlobalSection(SolutionConfigurationPlatforms) = preSolution
		Ad-Hoc|Any CPU = Ad-Hoc|Any CPU
		Ad-Hoc|ARM = Ad-Hoc|ARM
		Ad-Hoc|iPhone = Ad-Hoc|iPhone
		Ad-Hoc|iPhoneSimulator = Ad-Hoc|iPhoneSimulator
		Ad-Hoc|x64 = Ad-Hoc|x64
		Ad-Hoc|x86 = Ad-Hoc|x86
		AppStore|Any CPU = AppStore|Any CPU
		AppStore|ARM = AppStore|ARM
		AppStore|iPhone = AppStore|iPhone
		AppStore|iPhoneSimulator = AppStore|iPhoneSimulator
		AppStore|x64 = AppStore|x64
		AppStore|x86 = AppStore|x86
		Debug|Any CPU = Debug|Any CPU
		Debug|ARM = Debug|ARM
		Debug|iPhone = Debug|iPhone
		Debug|iPhoneSimulator = Debug|iPhoneSimulator
		Debug|x64 = Debug|x64
		Debug|x86 = Debug|x86
		Release|Any CPU = Release|Any CPU
		Release|ARM = Release|ARM
		Release|iPhone = Release|iPhone
		Release|iPhoneSimulator = Release|iPhoneSimulator
		Release|x64 = Release|x64
		Release|x86 = Release|x86
	EndGlobalSection
	GlobalSection(ProjectConfigurationPlatforms) = postSolution
		{0A5D3C26-2CC0-43C1-A044-1179CEE130E6}.Ad-Hoc|Any CPU.ActiveCfg = Release|Any CPU
		{0A5D3C26-2CC0-43C1-A044-1179CEE130E6}.Ad-Hoc|Any CPU.Build.0 = Release|Any CPU
		{0A5D3C26-2CC0-43C1-A044-1179CEE130E6}.Ad-Hoc|Any CPU.Deploy.0 = Release|Any CPU
		{0A5D3C26-2CC0-43C1-A044-1179CEE130E6}.Ad-Hoc|ARM.ActiveCfg = Release|Any CPU
		{0A5D3C26-2CC0-43C1-A044-1179CEE130E6}.Ad-Hoc|ARM.Build.0 = Release|Any CPU
		{0A5D3C26-2CC0-43C1-A044-1179CEE130E6}.Ad-Hoc|ARM.Deploy.0 = Release|Any CPU
		{0A5D3C26-2CC0-43C1-A044-1179CEE130E6}.Ad-Hoc|iPhone.ActiveCfg = Release|Any CPU
		{0A5D3C26-2CC0-43C1-A044-1179CEE130E6}.Ad-Hoc|iPhone.Build.0 = Release|Any CPU
		{0A5D3C26-2CC0-43C1-A044-1179CEE130E6}.Ad-Hoc|iPhone.Deploy.0 = Release|Any CPU
		{0A5D3C26-2CC0-43C1-A044-1179CEE130E6}.Ad-Hoc|iPhoneSimulator.ActiveCfg = Release|Any CPU
		{0A5D3C26-2CC0-43C1-A044-1179CEE130E6}.Ad-Hoc|iPhoneSimulator.Build.0 = Release|Any CPU
		{0A5D3C26-2CC0-43C1-A044-1179CEE130E6}.Ad-Hoc|iPhoneSimulator.Deploy.0 = Release|Any CPU
		{0A5D3C26-2CC0-43C1-A044-1179CEE130E6}.Ad-Hoc|x64.ActiveCfg = Release|Any CPU
		{0A5D3C26-2CC0-43C1-A044-1179CEE130E6}.Ad-Hoc|x64.Build.0 = Release|Any CPU
		{0A5D3C26-2CC0-43C1-A044-1179CEE130E6}.Ad-Hoc|x64.Deploy.0 = Release|Any CPU
		{0A5D3C26-2CC0-43C1-A044-1179CEE130E6}.Ad-Hoc|x86.ActiveCfg = Release|Any CPU
		{0A5D3C26-2CC0-43C1-A044-1179CEE130E6}.Ad-Hoc|x86.Build.0 = Release|Any CPU
		{0A5D3C26-2CC0-43C1-A044-1179CEE130E6}.Ad-Hoc|x86.Deploy.0 = Release|Any CPU
		{0A5D3C26-2CC0-43C1-A044-1179CEE130E6}.AppStore|Any CPU.ActiveCfg = Release|Any CPU
		{0A5D3C26-2CC0-43C1-A044-1179CEE130E6}.AppStore|Any CPU.Build.0 = Release|Any CPU
		{0A5D3C26-2CC0-43C1-A044-1179CEE130E6}.AppStore|Any CPU.Deploy.0 = Release|Any CPU
		{0A5D3C26-2CC0-43C1-A044-1179CEE130E6}.AppStore|ARM.ActiveCfg = Release|Any CPU
		{0A5D3C26-2CC0-43C1-A044-1179CEE130E6}.AppStore|ARM.Build.0 = Release|Any CPU
		{0A5D3C26-2CC0-43C1-A044-1179CEE130E6}.AppStore|ARM.Deploy.0 = Release|Any CPU
		{0A5D3C26-2CC0-43C1-A044-1179CEE130E6}.AppStore|iPhone.ActiveCfg = Release|Any CPU
		{0A5D3C26-2CC0-43C1-A044-1179CEE130E6}.AppStore|iPhone.Build.0 = Release|Any CPU
		{0A5D3C26-2CC0-43C1-A044-1179CEE130E6}.AppStore|iPhone.Deploy.0 = Release|Any CPU
		{0A5D3C26-2CC0-43C1-A044-1179CEE130E6}.AppStore|iPhoneSimulator.ActiveCfg = Release|Any CPU
		{0A5D3C26-2CC0-43C1-A044-1179CEE130E6}.AppStore|iPhoneSimulator.Build.0 = Release|Any CPU
		{0A5D3C26-2CC0-43C1-A044-1179CEE130E6}.AppStore|iPhoneSimulator.Deploy.0 = Release|Any CPU
		{0A5D3C26-2CC0-43C1-A044-1179CEE130E6}.AppStore|x64.ActiveCfg = Release|Any CPU
		{0A5D3C26-2CC0-43C1-A044-1179CEE130E6}.AppStore|x64.Build.0 = Release|Any CPU
		{0A5D3C26-2CC0-43C1-A044-1179CEE130E6}.AppStore|x64.Deploy.0 = Release|Any CPU
		{0A5D3C26-2CC0-43C1-A044-1179CEE130E6}.AppStore|x86.ActiveCfg = Release|Any CPU
		{0A5D3C26-2CC0-43C1-A044-1179CEE130E6}.AppStore|x86.Build.0 = Release|Any CPU
		{0A5D3C26-2CC0-43C1-A044-1179CEE130E6}.AppStore|x86.Deploy.0 = Release|Any CPU
		{0A5D3C26-2CC0-43C1-A044-1179CEE130E6}.Debug|Any CPU.ActiveCfg = Debug|Any CPU
		{0A5D3C26-2CC0-43C1-A044-1179CEE130E6}.Debug|Any CPU.Build.0 = Debug|Any CPU
		{0A5D3C26-2CC0-43C1-A044-1179CEE130E6}.Debug|Any CPU.Deploy.0 = Debug|Any CPU
		{0A5D3C26-2CC0-43C1-A044-1179CEE130E6}.Debug|ARM.ActiveCfg = Debug|Any CPU
		{0A5D3C26-2CC0-43C1-A044-1179CEE130E6}.Debug|ARM.Build.0 = Debug|Any CPU
		{0A5D3C26-2CC0-43C1-A044-1179CEE130E6}.Debug|ARM.Deploy.0 = Debug|Any CPU
		{0A5D3C26-2CC0-43C1-A044-1179CEE130E6}.Debug|iPhone.ActiveCfg = Debug|Any CPU
		{0A5D3C26-2CC0-43C1-A044-1179CEE130E6}.Debug|iPhone.Build.0 = Debug|Any CPU
		{0A5D3C26-2CC0-43C1-A044-1179CEE130E6}.Debug|iPhone.Deploy.0 = Debug|Any CPU
		{0A5D3C26-2CC0-43C1-A044-1179CEE130E6}.Debug|iPhoneSimulator.ActiveCfg = Debug|Any CPU
		{0A5D3C26-2CC0-43C1-A044-1179CEE130E6}.Debug|iPhoneSimulator.Build.0 = Debug|Any CPU
		{0A5D3C26-2CC0-43C1-A044-1179CEE130E6}.Debug|iPhoneSimulator.Deploy.0 = Debug|Any CPU
		{0A5D3C26-2CC0-43C1-A044-1179CEE130E6}.Debug|x64.ActiveCfg = Debug|Any CPU
		{0A5D3C26-2CC0-43C1-A044-1179CEE130E6}.Debug|x64.Build.0 = Debug|Any CPU
		{0A5D3C26-2CC0-43C1-A044-1179CEE130E6}.Debug|x64.Deploy.0 = Debug|Any CPU
		{0A5D3C26-2CC0-43C1-A044-1179CEE130E6}.Debug|x86.ActiveCfg = Debug|Any CPU
		{0A5D3C26-2CC0-43C1-A044-1179CEE130E6}.Debug|x86.Build.0 = Debug|Any CPU
		{0A5D3C26-2CC0-43C1-A044-1179CEE130E6}.Debug|x86.Deploy.0 = Debug|Any CPU
		{0A5D3C26-2CC0-43C1-A044-1179CEE130E6}.Release|Any CPU.ActiveCfg = Release|Any CPU
		{0A5D3C26-2CC0-43C1-A044-1179CEE130E6}.Release|Any CPU.Build.0 = Release|Any CPU
		{0A5D3C26-2CC0-43C1-A044-1179CEE130E6}.Release|Any CPU.Deploy.0 = Release|Any CPU
		{0A5D3C26-2CC0-43C1-A044-1179CEE130E6}.Release|ARM.ActiveCfg = Release|Any CPU
		{0A5D3C26-2CC0-43C1-A044-1179CEE130E6}.Release|ARM.Build.0 = Release|Any CPU
		{0A5D3C26-2CC0-43C1-A044-1179CEE130E6}.Release|ARM.Deploy.0 = Release|Any CPU
		{0A5D3C26-2CC0-43C1-A044-1179CEE130E6}.Release|iPhone.ActiveCfg = Release|Any CPU
		{0A5D3C26-2CC0-43C1-A044-1179CEE130E6}.Release|iPhone.Build.0 = Release|Any CPU
		{0A5D3C26-2CC0-43C1-A044-1179CEE130E6}.Release|iPhone.Deploy.0 = Release|Any CPU
		{0A5D3C26-2CC0-43C1-A044-1179CEE130E6}.Release|iPhoneSimulator.ActiveCfg = Release|Any CPU
		{0A5D3C26-2CC0-43C1-A044-1179CEE130E6}.Release|iPhoneSimulator.Build.0 = Release|Any CPU
		{0A5D3C26-2CC0-43C1-A044-1179CEE130E6}.Release|iPhoneSimulator.Deploy.0 = Release|Any CPU
		{0A5D3C26-2CC0-43C1-A044-1179CEE130E6}.Release|x64.ActiveCfg = Release|Any CPU
		{0A5D3C26-2CC0-43C1-A044-1179CEE130E6}.Release|x64.Build.0 = Release|Any CPU
		{0A5D3C26-2CC0-43C1-A044-1179CEE130E6}.Release|x64.Deploy.0 = Release|Any CPU
		{0A5D3C26-2CC0-43C1-A044-1179CEE130E6}.Release|x86.ActiveCfg = Release|Any CPU
		{0A5D3C26-2CC0-43C1-A044-1179CEE130E6}.Release|x86.Build.0 = Release|Any CPU
		{0A5D3C26-2CC0-43C1-A044-1179CEE130E6}.Release|x86.Deploy.0 = Release|Any CPU
		{309CC628-7617-4BAC-BA65-52854C789252}.Ad-Hoc|Any CPU.ActiveCfg = Ad-Hoc|iPhone
		{309CC628-7617-4BAC-BA65-52854C789252}.Ad-Hoc|ARM.ActiveCfg = Ad-Hoc|iPhone
		{309CC628-7617-4BAC-BA65-52854C789252}.Ad-Hoc|iPhone.ActiveCfg = Ad-Hoc|iPhone
		{309CC628-7617-4BAC-BA65-52854C789252}.Ad-Hoc|iPhone.Build.0 = Ad-Hoc|iPhone
		{309CC628-7617-4BAC-BA65-52854C789252}.Ad-Hoc|iPhoneSimulator.ActiveCfg = Ad-Hoc|iPhoneSimulator
		{309CC628-7617-4BAC-BA65-52854C789252}.Ad-Hoc|iPhoneSimulator.Build.0 = Ad-Hoc|iPhoneSimulator
		{309CC628-7617-4BAC-BA65-52854C789252}.Ad-Hoc|x64.ActiveCfg = Ad-Hoc|iPhone
		{309CC628-7617-4BAC-BA65-52854C789252}.Ad-Hoc|x86.ActiveCfg = Ad-Hoc|iPhone
		{309CC628-7617-4BAC-BA65-52854C789252}.AppStore|Any CPU.ActiveCfg = AppStore|iPhone
		{309CC628-7617-4BAC-BA65-52854C789252}.AppStore|ARM.ActiveCfg = AppStore|iPhone
		{309CC628-7617-4BAC-BA65-52854C789252}.AppStore|iPhone.ActiveCfg = AppStore|iPhone
		{309CC628-7617-4BAC-BA65-52854C789252}.AppStore|iPhone.Build.0 = AppStore|iPhone
		{309CC628-7617-4BAC-BA65-52854C789252}.AppStore|iPhoneSimulator.ActiveCfg = AppStore|iPhoneSimulator
		{309CC628-7617-4BAC-BA65-52854C789252}.AppStore|iPhoneSimulator.Build.0 = AppStore|iPhoneSimulator
		{309CC628-7617-4BAC-BA65-52854C789252}.AppStore|x64.ActiveCfg = AppStore|iPhone
		{309CC628-7617-4BAC-BA65-52854C789252}.AppStore|x86.ActiveCfg = AppStore|iPhone
		{309CC628-7617-4BAC-BA65-52854C789252}.Debug|Any CPU.ActiveCfg = Debug|iPhone
		{309CC628-7617-4BAC-BA65-52854C789252}.Debug|ARM.ActiveCfg = Debug|iPhone
		{309CC628-7617-4BAC-BA65-52854C789252}.Debug|iPhone.ActiveCfg = Debug|iPhone
		{309CC628-7617-4BAC-BA65-52854C789252}.Debug|iPhone.Build.0 = Debug|iPhone
		{309CC628-7617-4BAC-BA65-52854C789252}.Debug|iPhoneSimulator.ActiveCfg = Debug|iPhoneSimulator
		{309CC628-7617-4BAC-BA65-52854C789252}.Debug|iPhoneSimulator.Build.0 = Debug|iPhoneSimulator
		{309CC628-7617-4BAC-BA65-52854C789252}.Debug|x64.ActiveCfg = Debug|iPhone
		{309CC628-7617-4BAC-BA65-52854C789252}.Debug|x86.ActiveCfg = Debug|iPhone
		{309CC628-7617-4BAC-BA65-52854C789252}.Release|Any CPU.ActiveCfg = Release|iPhone
		{309CC628-7617-4BAC-BA65-52854C789252}.Release|ARM.ActiveCfg = Release|iPhone
		{309CC628-7617-4BAC-BA65-52854C789252}.Release|iPhone.ActiveCfg = Release|iPhone
		{309CC628-7617-4BAC-BA65-52854C789252}.Release|iPhone.Build.0 = Release|iPhone
		{309CC628-7617-4BAC-BA65-52854C789252}.Release|iPhoneSimulator.ActiveCfg = Release|iPhoneSimulator
		{309CC628-7617-4BAC-BA65-52854C789252}.Release|iPhoneSimulator.Build.0 = Release|iPhoneSimulator
		{309CC628-7617-4BAC-BA65-52854C789252}.Release|x64.ActiveCfg = Release|iPhone
		{309CC628-7617-4BAC-BA65-52854C789252}.Release|x86.ActiveCfg = Release|iPhone
		{DA814D49-2201-4013-93AF-0F623CD4ED0A}.Ad-Hoc|Any CPU.ActiveCfg = Release|Any CPU
		{DA814D49-2201-4013-93AF-0F623CD4ED0A}.Ad-Hoc|Any CPU.Build.0 = Release|Any CPU
		{DA814D49-2201-4013-93AF-0F623CD4ED0A}.Ad-Hoc|Any CPU.Deploy.0 = Release|Any CPU
		{DA814D49-2201-4013-93AF-0F623CD4ED0A}.Ad-Hoc|ARM.ActiveCfg = Release|ARM
		{DA814D49-2201-4013-93AF-0F623CD4ED0A}.Ad-Hoc|ARM.Build.0 = Release|ARM
		{DA814D49-2201-4013-93AF-0F623CD4ED0A}.Ad-Hoc|ARM.Deploy.0 = Release|ARM
		{DA814D49-2201-4013-93AF-0F623CD4ED0A}.Ad-Hoc|iPhone.ActiveCfg = Release|Any CPU
		{DA814D49-2201-4013-93AF-0F623CD4ED0A}.Ad-Hoc|iPhone.Build.0 = Release|Any CPU
		{DA814D49-2201-4013-93AF-0F623CD4ED0A}.Ad-Hoc|iPhone.Deploy.0 = Release|Any CPU
		{DA814D49-2201-4013-93AF-0F623CD4ED0A}.Ad-Hoc|iPhoneSimulator.ActiveCfg = Release|Any CPU
		{DA814D49-2201-4013-93AF-0F623CD4ED0A}.Ad-Hoc|iPhoneSimulator.Build.0 = Release|Any CPU
		{DA814D49-2201-4013-93AF-0F623CD4ED0A}.Ad-Hoc|iPhoneSimulator.Deploy.0 = Release|Any CPU
		{DA814D49-2201-4013-93AF-0F623CD4ED0A}.Ad-Hoc|x64.ActiveCfg = Release|Any CPU
		{DA814D49-2201-4013-93AF-0F623CD4ED0A}.Ad-Hoc|x64.Build.0 = Release|Any CPU
		{DA814D49-2201-4013-93AF-0F623CD4ED0A}.Ad-Hoc|x64.Deploy.0 = Release|Any CPU
		{DA814D49-2201-4013-93AF-0F623CD4ED0A}.Ad-Hoc|x86.ActiveCfg = Release|x86
		{DA814D49-2201-4013-93AF-0F623CD4ED0A}.Ad-Hoc|x86.Build.0 = Release|x86
		{DA814D49-2201-4013-93AF-0F623CD4ED0A}.Ad-Hoc|x86.Deploy.0 = Release|x86
		{DA814D49-2201-4013-93AF-0F623CD4ED0A}.AppStore|Any CPU.ActiveCfg = Release|Any CPU
		{DA814D49-2201-4013-93AF-0F623CD4ED0A}.AppStore|Any CPU.Build.0 = Release|Any CPU
		{DA814D49-2201-4013-93AF-0F623CD4ED0A}.AppStore|Any CPU.Deploy.0 = Release|Any CPU
		{DA814D49-2201-4013-93AF-0F623CD4ED0A}.AppStore|ARM.ActiveCfg = Release|ARM
		{DA814D49-2201-4013-93AF-0F623CD4ED0A}.AppStore|ARM.Build.0 = Release|ARM
		{DA814D49-2201-4013-93AF-0F623CD4ED0A}.AppStore|ARM.Deploy.0 = Release|ARM
		{DA814D49-2201-4013-93AF-0F623CD4ED0A}.AppStore|iPhone.ActiveCfg = Release|Any CPU
		{DA814D49-2201-4013-93AF-0F623CD4ED0A}.AppStore|iPhone.Build.0 = Release|Any CPU
		{DA814D49-2201-4013-93AF-0F623CD4ED0A}.AppStore|iPhone.Deploy.0 = Release|Any CPU
		{DA814D49-2201-4013-93AF-0F623CD4ED0A}.AppStore|iPhoneSimulator.ActiveCfg = Release|Any CPU
		{DA814D49-2201-4013-93AF-0F623CD4ED0A}.AppStore|iPhoneSimulator.Build.0 = Release|Any CPU
		{DA814D49-2201-4013-93AF-0F623CD4ED0A}.AppStore|iPhoneSimulator.Deploy.0 = Release|Any CPU
		{DA814D49-2201-4013-93AF-0F623CD4ED0A}.AppStore|x64.ActiveCfg = Release|Any CPU
		{DA814D49-2201-4013-93AF-0F623CD4ED0A}.AppStore|x64.Build.0 = Release|Any CPU
		{DA814D49-2201-4013-93AF-0F623CD4ED0A}.AppStore|x64.Deploy.0 = Release|Any CPU
		{DA814D49-2201-4013-93AF-0F623CD4ED0A}.AppStore|x86.ActiveCfg = Release|x86
		{DA814D49-2201-4013-93AF-0F623CD4ED0A}.AppStore|x86.Build.0 = Release|x86
		{DA814D49-2201-4013-93AF-0F623CD4ED0A}.AppStore|x86.Deploy.0 = Release|x86
		{DA814D49-2201-4013-93AF-0F623CD4ED0A}.Debug|Any CPU.ActiveCfg = Debug|Any CPU
		{DA814D49-2201-4013-93AF-0F623CD4ED0A}.Debug|Any CPU.Build.0 = Debug|Any CPU
		{DA814D49-2201-4013-93AF-0F623CD4ED0A}.Debug|Any CPU.Deploy.0 = Debug|Any CPU
		{DA814D49-2201-4013-93AF-0F623CD4ED0A}.Debug|ARM.ActiveCfg = Debug|ARM
		{DA814D49-2201-4013-93AF-0F623CD4ED0A}.Debug|ARM.Build.0 = Debug|ARM
		{DA814D49-2201-4013-93AF-0F623CD4ED0A}.Debug|ARM.Deploy.0 = Debug|ARM
		{DA814D49-2201-4013-93AF-0F623CD4ED0A}.Debug|iPhone.ActiveCfg = Debug|Any CPU
		{DA814D49-2201-4013-93AF-0F623CD4ED0A}.Debug|iPhone.Build.0 = Debug|Any CPU
		{DA814D49-2201-4013-93AF-0F623CD4ED0A}.Debug|iPhone.Deploy.0 = Debug|Any CPU
		{DA814D49-2201-4013-93AF-0F623CD4ED0A}.Debug|iPhoneSimulator.ActiveCfg = Debug|Any CPU
		{DA814D49-2201-4013-93AF-0F623CD4ED0A}.Debug|iPhoneSimulator.Build.0 = Debug|Any CPU
		{DA814D49-2201-4013-93AF-0F623CD4ED0A}.Debug|iPhoneSimulator.Deploy.0 = Debug|Any CPU
		{DA814D49-2201-4013-93AF-0F623CD4ED0A}.Debug|x64.ActiveCfg = Debug|Any CPU
		{DA814D49-2201-4013-93AF-0F623CD4ED0A}.Debug|x64.Build.0 = Debug|Any CPU
		{DA814D49-2201-4013-93AF-0F623CD4ED0A}.Debug|x64.Deploy.0 = Debug|Any CPU
		{DA814D49-2201-4013-93AF-0F623CD4ED0A}.Debug|x86.ActiveCfg = Debug|x86
		{DA814D49-2201-4013-93AF-0F623CD4ED0A}.Debug|x86.Build.0 = Debug|x86
		{DA814D49-2201-4013-93AF-0F623CD4ED0A}.Debug|x86.Deploy.0 = Debug|x86
		{DA814D49-2201-4013-93AF-0F623CD4ED0A}.Release|Any CPU.ActiveCfg = Release|Any CPU
		{DA814D49-2201-4013-93AF-0F623CD4ED0A}.Release|Any CPU.Build.0 = Release|Any CPU
		{DA814D49-2201-4013-93AF-0F623CD4ED0A}.Release|Any CPU.Deploy.0 = Release|Any CPU
		{DA814D49-2201-4013-93AF-0F623CD4ED0A}.Release|ARM.ActiveCfg = Release|ARM
		{DA814D49-2201-4013-93AF-0F623CD4ED0A}.Release|ARM.Build.0 = Release|ARM
		{DA814D49-2201-4013-93AF-0F623CD4ED0A}.Release|ARM.Deploy.0 = Release|ARM
		{DA814D49-2201-4013-93AF-0F623CD4ED0A}.Release|iPhone.ActiveCfg = Release|Any CPU
		{DA814D49-2201-4013-93AF-0F623CD4ED0A}.Release|iPhone.Build.0 = Release|Any CPU
		{DA814D49-2201-4013-93AF-0F623CD4ED0A}.Release|iPhone.Deploy.0 = Release|Any CPU
		{DA814D49-2201-4013-93AF-0F623CD4ED0A}.Release|iPhoneSimulator.ActiveCfg = Release|Any CPU
		{DA814D49-2201-4013-93AF-0F623CD4ED0A}.Release|iPhoneSimulator.Build.0 = Release|Any CPU
		{DA814D49-2201-4013-93AF-0F623CD4ED0A}.Release|iPhoneSimulator.Deploy.0 = Release|Any CPU
		{DA814D49-2201-4013-93AF-0F623CD4ED0A}.Release|x64.ActiveCfg = Release|Any CPU
		{DA814D49-2201-4013-93AF-0F623CD4ED0A}.Release|x64.Build.0 = Release|Any CPU
		{DA814D49-2201-4013-93AF-0F623CD4ED0A}.Release|x64.Deploy.0 = Release|Any CPU
		{DA814D49-2201-4013-93AF-0F623CD4ED0A}.Release|x86.ActiveCfg = Release|x86
		{DA814D49-2201-4013-93AF-0F623CD4ED0A}.Release|x86.Build.0 = Release|x86
		{DA814D49-2201-4013-93AF-0F623CD4ED0A}.Release|x86.Deploy.0 = Release|x86
		{F5C6FAC3-B2F7-4703-B0CC-CE5B8624BB3C}.Ad-Hoc|Any CPU.ActiveCfg = Release|x86
		{F5C6FAC3-B2F7-4703-B0CC-CE5B8624BB3C}.Ad-Hoc|Any CPU.Build.0 = Release|x86
		{F5C6FAC3-B2F7-4703-B0CC-CE5B8624BB3C}.Ad-Hoc|Any CPU.Deploy.0 = Release|x86
		{F5C6FAC3-B2F7-4703-B0CC-CE5B8624BB3C}.Ad-Hoc|ARM.ActiveCfg = Release|ARM
		{F5C6FAC3-B2F7-4703-B0CC-CE5B8624BB3C}.Ad-Hoc|ARM.Build.0 = Release|ARM
		{F5C6FAC3-B2F7-4703-B0CC-CE5B8624BB3C}.Ad-Hoc|ARM.Deploy.0 = Release|ARM
		{F5C6FAC3-B2F7-4703-B0CC-CE5B8624BB3C}.Ad-Hoc|iPhone.ActiveCfg = Release|x86
		{F5C6FAC3-B2F7-4703-B0CC-CE5B8624BB3C}.Ad-Hoc|iPhone.Build.0 = Release|x86
		{F5C6FAC3-B2F7-4703-B0CC-CE5B8624BB3C}.Ad-Hoc|iPhone.Deploy.0 = Release|x86
		{F5C6FAC3-B2F7-4703-B0CC-CE5B8624BB3C}.Ad-Hoc|iPhoneSimulator.ActiveCfg = Release|x86
		{F5C6FAC3-B2F7-4703-B0CC-CE5B8624BB3C}.Ad-Hoc|iPhoneSimulator.Build.0 = Release|x86
		{F5C6FAC3-B2F7-4703-B0CC-CE5B8624BB3C}.Ad-Hoc|iPhoneSimulator.Deploy.0 = Release|x86
		{F5C6FAC3-B2F7-4703-B0CC-CE5B8624BB3C}.Ad-Hoc|x64.ActiveCfg = Release|x64
		{F5C6FAC3-B2F7-4703-B0CC-CE5B8624BB3C}.Ad-Hoc|x64.Build.0 = Release|x64
		{F5C6FAC3-B2F7-4703-B0CC-CE5B8624BB3C}.Ad-Hoc|x64.Deploy.0 = Release|x64
		{F5C6FAC3-B2F7-4703-B0CC-CE5B8624BB3C}.Ad-Hoc|x86.ActiveCfg = Release|x86
		{F5C6FAC3-B2F7-4703-B0CC-CE5B8624BB3C}.Ad-Hoc|x86.Build.0 = Release|x86
		{F5C6FAC3-B2F7-4703-B0CC-CE5B8624BB3C}.Ad-Hoc|x86.Deploy.0 = Release|x86
		{F5C6FAC3-B2F7-4703-B0CC-CE5B8624BB3C}.AppStore|Any CPU.ActiveCfg = Release|x86
		{F5C6FAC3-B2F7-4703-B0CC-CE5B8624BB3C}.AppStore|Any CPU.Build.0 = Release|x86
		{F5C6FAC3-B2F7-4703-B0CC-CE5B8624BB3C}.AppStore|Any CPU.Deploy.0 = Release|x86
		{F5C6FAC3-B2F7-4703-B0CC-CE5B8624BB3C}.AppStore|ARM.ActiveCfg = Release|ARM
		{F5C6FAC3-B2F7-4703-B0CC-CE5B8624BB3C}.AppStore|ARM.Build.0 = Release|ARM
		{F5C6FAC3-B2F7-4703-B0CC-CE5B8624BB3C}.AppStore|ARM.Deploy.0 = Release|ARM
		{F5C6FAC3-B2F7-4703-B0CC-CE5B8624BB3C}.AppStore|iPhone.ActiveCfg = Release|x86
		{F5C6FAC3-B2F7-4703-B0CC-CE5B8624BB3C}.AppStore|iPhone.Build.0 = Release|x86
		{F5C6FAC3-B2F7-4703-B0CC-CE5B8624BB3C}.AppStore|iPhone.Deploy.0 = Release|x86
		{F5C6FAC3-B2F7-4703-B0CC-CE5B8624BB3C}.AppStore|iPhoneSimulator.ActiveCfg = Release|x86
		{F5C6FAC3-B2F7-4703-B0CC-CE5B8624BB3C}.AppStore|iPhoneSimulator.Build.0 = Release|x86
		{F5C6FAC3-B2F7-4703-B0CC-CE5B8624BB3C}.AppStore|iPhoneSimulator.Deploy.0 = Release|x86
		{F5C6FAC3-B2F7-4703-B0CC-CE5B8624BB3C}.AppStore|x64.ActiveCfg = Release|x64
		{F5C6FAC3-B2F7-4703-B0CC-CE5B8624BB3C}.AppStore|x64.Build.0 = Release|x64
		{F5C6FAC3-B2F7-4703-B0CC-CE5B8624BB3C}.AppStore|x64.Deploy.0 = Release|x64
		{F5C6FAC3-B2F7-4703-B0CC-CE5B8624BB3C}.AppStore|x86.ActiveCfg = Release|x86
		{F5C6FAC3-B2F7-4703-B0CC-CE5B8624BB3C}.AppStore|x86.Build.0 = Release|x86
		{F5C6FAC3-B2F7-4703-B0CC-CE5B8624BB3C}.AppStore|x86.Deploy.0 = Release|x86
		{F5C6FAC3-B2F7-4703-B0CC-CE5B8624BB3C}.Debug|Any CPU.ActiveCfg = Debug|x86
		{F5C6FAC3-B2F7-4703-B0CC-CE5B8624BB3C}.Debug|ARM.ActiveCfg = Debug|ARM
		{F5C6FAC3-B2F7-4703-B0CC-CE5B8624BB3C}.Debug|ARM.Build.0 = Debug|ARM
		{F5C6FAC3-B2F7-4703-B0CC-CE5B8624BB3C}.Debug|ARM.Deploy.0 = Debug|ARM
		{F5C6FAC3-B2F7-4703-B0CC-CE5B8624BB3C}.Debug|iPhone.ActiveCfg = Debug|x86
		{F5C6FAC3-B2F7-4703-B0CC-CE5B8624BB3C}.Debug|iPhoneSimulator.ActiveCfg = Debug|x86
		{F5C6FAC3-B2F7-4703-B0CC-CE5B8624BB3C}.Debug|x64.ActiveCfg = Debug|x64
		{F5C6FAC3-B2F7-4703-B0CC-CE5B8624BB3C}.Debug|x64.Build.0 = Debug|x64
		{F5C6FAC3-B2F7-4703-B0CC-CE5B8624BB3C}.Debug|x64.Deploy.0 = Debug|x64
		{F5C6FAC3-B2F7-4703-B0CC-CE5B8624BB3C}.Debug|x86.ActiveCfg = Debug|x86
		{F5C6FAC3-B2F7-4703-B0CC-CE5B8624BB3C}.Debug|x86.Build.0 = Debug|x86
		{F5C6FAC3-B2F7-4703-B0CC-CE5B8624BB3C}.Debug|x86.Deploy.0 = Debug|x86
		{F5C6FAC3-B2F7-4703-B0CC-CE5B8624BB3C}.Release|Any CPU.ActiveCfg = Release|x86
		{F5C6FAC3-B2F7-4703-B0CC-CE5B8624BB3C}.Release|ARM.ActiveCfg = Release|ARM
		{F5C6FAC3-B2F7-4703-B0CC-CE5B8624BB3C}.Release|ARM.Build.0 = Release|ARM
		{F5C6FAC3-B2F7-4703-B0CC-CE5B8624BB3C}.Release|ARM.Deploy.0 = Release|ARM
		{F5C6FAC3-B2F7-4703-B0CC-CE5B8624BB3C}.Release|iPhone.ActiveCfg = Release|x86
		{F5C6FAC3-B2F7-4703-B0CC-CE5B8624BB3C}.Release|iPhoneSimulator.ActiveCfg = Release|x86
		{F5C6FAC3-B2F7-4703-B0CC-CE5B8624BB3C}.Release|x64.ActiveCfg = Release|x64
		{F5C6FAC3-B2F7-4703-B0CC-CE5B8624BB3C}.Release|x64.Build.0 = Release|x64
		{F5C6FAC3-B2F7-4703-B0CC-CE5B8624BB3C}.Release|x64.Deploy.0 = Release|x64
		{F5C6FAC3-B2F7-4703-B0CC-CE5B8624BB3C}.Release|x86.ActiveCfg = Release|x86
		{F5C6FAC3-B2F7-4703-B0CC-CE5B8624BB3C}.Release|x86.Build.0 = Release|x86
		{F5C6FAC3-B2F7-4703-B0CC-CE5B8624BB3C}.Release|x86.Deploy.0 = Release|x86
		{E861C56A-6FAC-4A1F-B048-ED3566D1E3DC}.Ad-Hoc|Any CPU.ActiveCfg = Release|Any CPU
		{E861C56A-6FAC-4A1F-B048-ED3566D1E3DC}.Ad-Hoc|Any CPU.Build.0 = Release|Any CPU
		{E861C56A-6FAC-4A1F-B048-ED3566D1E3DC}.Ad-Hoc|Any CPU.Deploy.0 = Release|Any CPU
		{E861C56A-6FAC-4A1F-B048-ED3566D1E3DC}.Ad-Hoc|ARM.ActiveCfg = Release|ARM
		{E861C56A-6FAC-4A1F-B048-ED3566D1E3DC}.Ad-Hoc|ARM.Build.0 = Release|ARM
		{E861C56A-6FAC-4A1F-B048-ED3566D1E3DC}.Ad-Hoc|ARM.Deploy.0 = Release|ARM
		{E861C56A-6FAC-4A1F-B048-ED3566D1E3DC}.Ad-Hoc|iPhone.ActiveCfg = Release|Any CPU
		{E861C56A-6FAC-4A1F-B048-ED3566D1E3DC}.Ad-Hoc|iPhone.Build.0 = Release|Any CPU
		{E861C56A-6FAC-4A1F-B048-ED3566D1E3DC}.Ad-Hoc|iPhone.Deploy.0 = Release|Any CPU
		{E861C56A-6FAC-4A1F-B048-ED3566D1E3DC}.Ad-Hoc|iPhoneSimulator.ActiveCfg = Release|Any CPU
		{E861C56A-6FAC-4A1F-B048-ED3566D1E3DC}.Ad-Hoc|iPhoneSimulator.Build.0 = Release|Any CPU
		{E861C56A-6FAC-4A1F-B048-ED3566D1E3DC}.Ad-Hoc|iPhoneSimulator.Deploy.0 = Release|Any CPU
		{E861C56A-6FAC-4A1F-B048-ED3566D1E3DC}.Ad-Hoc|x64.ActiveCfg = Release|x64
		{E861C56A-6FAC-4A1F-B048-ED3566D1E3DC}.Ad-Hoc|x64.Build.0 = Release|x64
		{E861C56A-6FAC-4A1F-B048-ED3566D1E3DC}.Ad-Hoc|x64.Deploy.0 = Release|x64
		{E861C56A-6FAC-4A1F-B048-ED3566D1E3DC}.Ad-Hoc|x86.ActiveCfg = Release|x86
		{E861C56A-6FAC-4A1F-B048-ED3566D1E3DC}.Ad-Hoc|x86.Build.0 = Release|x86
		{E861C56A-6FAC-4A1F-B048-ED3566D1E3DC}.Ad-Hoc|x86.Deploy.0 = Release|x86
		{E861C56A-6FAC-4A1F-B048-ED3566D1E3DC}.AppStore|Any CPU.ActiveCfg = Release|Any CPU
		{E861C56A-6FAC-4A1F-B048-ED3566D1E3DC}.AppStore|Any CPU.Build.0 = Release|Any CPU
		{E861C56A-6FAC-4A1F-B048-ED3566D1E3DC}.AppStore|Any CPU.Deploy.0 = Release|Any CPU
		{E861C56A-6FAC-4A1F-B048-ED3566D1E3DC}.AppStore|ARM.ActiveCfg = Release|ARM
		{E861C56A-6FAC-4A1F-B048-ED3566D1E3DC}.AppStore|ARM.Build.0 = Release|ARM
		{E861C56A-6FAC-4A1F-B048-ED3566D1E3DC}.AppStore|ARM.Deploy.0 = Release|ARM
		{E861C56A-6FAC-4A1F-B048-ED3566D1E3DC}.AppStore|iPhone.ActiveCfg = Release|Any CPU
		{E861C56A-6FAC-4A1F-B048-ED3566D1E3DC}.AppStore|iPhone.Build.0 = Release|Any CPU
		{E861C56A-6FAC-4A1F-B048-ED3566D1E3DC}.AppStore|iPhone.Deploy.0 = Release|Any CPU
		{E861C56A-6FAC-4A1F-B048-ED3566D1E3DC}.AppStore|iPhoneSimulator.ActiveCfg = Release|Any CPU
		{E861C56A-6FAC-4A1F-B048-ED3566D1E3DC}.AppStore|iPhoneSimulator.Build.0 = Release|Any CPU
		{E861C56A-6FAC-4A1F-B048-ED3566D1E3DC}.AppStore|iPhoneSimulator.Deploy.0 = Release|Any CPU
		{E861C56A-6FAC-4A1F-B048-ED3566D1E3DC}.AppStore|x64.ActiveCfg = Release|x64
		{E861C56A-6FAC-4A1F-B048-ED3566D1E3DC}.AppStore|x64.Build.0 = Release|x64
		{E861C56A-6FAC-4A1F-B048-ED3566D1E3DC}.AppStore|x64.Deploy.0 = Release|x64
		{E861C56A-6FAC-4A1F-B048-ED3566D1E3DC}.AppStore|x86.ActiveCfg = Release|x86
		{E861C56A-6FAC-4A1F-B048-ED3566D1E3DC}.AppStore|x86.Build.0 = Release|x86
		{E861C56A-6FAC-4A1F-B048-ED3566D1E3DC}.AppStore|x86.Deploy.0 = Release|x86
		{E861C56A-6FAC-4A1F-B048-ED3566D1E3DC}.Debug|Any CPU.ActiveCfg = Debug|Any CPU
		{E861C56A-6FAC-4A1F-B048-ED3566D1E3DC}.Debug|Any CPU.Build.0 = Debug|Any CPU
		{E861C56A-6FAC-4A1F-B048-ED3566D1E3DC}.Debug|Any CPU.Deploy.0 = Debug|Any CPU
		{E861C56A-6FAC-4A1F-B048-ED3566D1E3DC}.Debug|ARM.ActiveCfg = Debug|ARM
		{E861C56A-6FAC-4A1F-B048-ED3566D1E3DC}.Debug|ARM.Build.0 = Debug|ARM
		{E861C56A-6FAC-4A1F-B048-ED3566D1E3DC}.Debug|ARM.Deploy.0 = Debug|ARM
		{E861C56A-6FAC-4A1F-B048-ED3566D1E3DC}.Debug|iPhone.ActiveCfg = Debug|Any CPU
		{E861C56A-6FAC-4A1F-B048-ED3566D1E3DC}.Debug|iPhone.Build.0 = Debug|Any CPU
		{E861C56A-6FAC-4A1F-B048-ED3566D1E3DC}.Debug|iPhone.Deploy.0 = Debug|Any CPU
		{E861C56A-6FAC-4A1F-B048-ED3566D1E3DC}.Debug|iPhoneSimulator.ActiveCfg = Debug|Any CPU
		{E861C56A-6FAC-4A1F-B048-ED3566D1E3DC}.Debug|iPhoneSimulator.Build.0 = Debug|Any CPU
		{E861C56A-6FAC-4A1F-B048-ED3566D1E3DC}.Debug|iPhoneSimulator.Deploy.0 = Debug|Any CPU
		{E861C56A-6FAC-4A1F-B048-ED3566D1E3DC}.Debug|x64.ActiveCfg = Debug|x64
		{E861C56A-6FAC-4A1F-B048-ED3566D1E3DC}.Debug|x64.Build.0 = Debug|x64
		{E861C56A-6FAC-4A1F-B048-ED3566D1E3DC}.Debug|x64.Deploy.0 = Debug|x64
		{E861C56A-6FAC-4A1F-B048-ED3566D1E3DC}.Debug|x86.ActiveCfg = Debug|x86
		{E861C56A-6FAC-4A1F-B048-ED3566D1E3DC}.Debug|x86.Build.0 = Debug|x86
		{E861C56A-6FAC-4A1F-B048-ED3566D1E3DC}.Debug|x86.Deploy.0 = Debug|x86
		{E861C56A-6FAC-4A1F-B048-ED3566D1E3DC}.Release|Any CPU.ActiveCfg = Release|Any CPU
		{E861C56A-6FAC-4A1F-B048-ED3566D1E3DC}.Release|Any CPU.Build.0 = Release|Any CPU
		{E861C56A-6FAC-4A1F-B048-ED3566D1E3DC}.Release|Any CPU.Deploy.0 = Release|Any CPU
		{E861C56A-6FAC-4A1F-B048-ED3566D1E3DC}.Release|ARM.ActiveCfg = Release|ARM
		{E861C56A-6FAC-4A1F-B048-ED3566D1E3DC}.Release|ARM.Build.0 = Release|ARM
		{E861C56A-6FAC-4A1F-B048-ED3566D1E3DC}.Release|ARM.Deploy.0 = Release|ARM
		{E861C56A-6FAC-4A1F-B048-ED3566D1E3DC}.Release|iPhone.ActiveCfg = Release|Any CPU
		{E861C56A-6FAC-4A1F-B048-ED3566D1E3DC}.Release|iPhone.Build.0 = Release|Any CPU
		{E861C56A-6FAC-4A1F-B048-ED3566D1E3DC}.Release|iPhone.Deploy.0 = Release|Any CPU
		{E861C56A-6FAC-4A1F-B048-ED3566D1E3DC}.Release|iPhoneSimulator.ActiveCfg = Release|Any CPU
		{E861C56A-6FAC-4A1F-B048-ED3566D1E3DC}.Release|iPhoneSimulator.Build.0 = Release|Any CPU
		{E861C56A-6FAC-4A1F-B048-ED3566D1E3DC}.Release|iPhoneSimulator.Deploy.0 = Release|Any CPU
		{E861C56A-6FAC-4A1F-B048-ED3566D1E3DC}.Release|x64.ActiveCfg = Release|x64
		{E861C56A-6FAC-4A1F-B048-ED3566D1E3DC}.Release|x64.Build.0 = Release|x64
		{E861C56A-6FAC-4A1F-B048-ED3566D1E3DC}.Release|x64.Deploy.0 = Release|x64
		{E861C56A-6FAC-4A1F-B048-ED3566D1E3DC}.Release|x86.ActiveCfg = Release|x86
		{E861C56A-6FAC-4A1F-B048-ED3566D1E3DC}.Release|x86.Build.0 = Release|x86
		{E861C56A-6FAC-4A1F-B048-ED3566D1E3DC}.Release|x86.Deploy.0 = Release|x86
		{07DAE35B-8EED-4395-BD4B-CA3FCF1A00A1}.Ad-Hoc|Any CPU.ActiveCfg = Release|Any CPU
		{07DAE35B-8EED-4395-BD4B-CA3FCF1A00A1}.Ad-Hoc|Any CPU.Build.0 = Release|Any CPU
		{07DAE35B-8EED-4395-BD4B-CA3FCF1A00A1}.Ad-Hoc|ARM.ActiveCfg = Release|Any CPU
		{07DAE35B-8EED-4395-BD4B-CA3FCF1A00A1}.Ad-Hoc|ARM.Build.0 = Release|Any CPU
		{07DAE35B-8EED-4395-BD4B-CA3FCF1A00A1}.Ad-Hoc|iPhone.ActiveCfg = Release|Any CPU
		{07DAE35B-8EED-4395-BD4B-CA3FCF1A00A1}.Ad-Hoc|iPhone.Build.0 = Release|Any CPU
		{07DAE35B-8EED-4395-BD4B-CA3FCF1A00A1}.Ad-Hoc|iPhoneSimulator.ActiveCfg = Release|Any CPU
		{07DAE35B-8EED-4395-BD4B-CA3FCF1A00A1}.Ad-Hoc|iPhoneSimulator.Build.0 = Release|Any CPU
		{07DAE35B-8EED-4395-BD4B-CA3FCF1A00A1}.Ad-Hoc|x64.ActiveCfg = Release|Any CPU
		{07DAE35B-8EED-4395-BD4B-CA3FCF1A00A1}.Ad-Hoc|x64.Build.0 = Release|Any CPU
		{07DAE35B-8EED-4395-BD4B-CA3FCF1A00A1}.Ad-Hoc|x86.ActiveCfg = Release|Any CPU
		{07DAE35B-8EED-4395-BD4B-CA3FCF1A00A1}.Ad-Hoc|x86.Build.0 = Release|Any CPU
		{07DAE35B-8EED-4395-BD4B-CA3FCF1A00A1}.AppStore|Any CPU.ActiveCfg = Release|Any CPU
		{07DAE35B-8EED-4395-BD4B-CA3FCF1A00A1}.AppStore|Any CPU.Build.0 = Release|Any CPU
		{07DAE35B-8EED-4395-BD4B-CA3FCF1A00A1}.AppStore|ARM.ActiveCfg = Release|Any CPU
		{07DAE35B-8EED-4395-BD4B-CA3FCF1A00A1}.AppStore|ARM.Build.0 = Release|Any CPU
		{07DAE35B-8EED-4395-BD4B-CA3FCF1A00A1}.AppStore|iPhone.ActiveCfg = Release|Any CPU
		{07DAE35B-8EED-4395-BD4B-CA3FCF1A00A1}.AppStore|iPhone.Build.0 = Release|Any CPU
		{07DAE35B-8EED-4395-BD4B-CA3FCF1A00A1}.AppStore|iPhoneSimulator.ActiveCfg = Release|Any CPU
		{07DAE35B-8EED-4395-BD4B-CA3FCF1A00A1}.AppStore|iPhoneSimulator.Build.0 = Release|Any CPU
		{07DAE35B-8EED-4395-BD4B-CA3FCF1A00A1}.AppStore|x64.ActiveCfg = Release|Any CPU
		{07DAE35B-8EED-4395-BD4B-CA3FCF1A00A1}.AppStore|x64.Build.0 = Release|Any CPU
		{07DAE35B-8EED-4395-BD4B-CA3FCF1A00A1}.AppStore|x86.ActiveCfg = Release|Any CPU
		{07DAE35B-8EED-4395-BD4B-CA3FCF1A00A1}.AppStore|x86.Build.0 = Release|Any CPU
		{07DAE35B-8EED-4395-BD4B-CA3FCF1A00A1}.Debug|Any CPU.ActiveCfg = Debug|Any CPU
		{07DAE35B-8EED-4395-BD4B-CA3FCF1A00A1}.Debug|Any CPU.Build.0 = Debug|Any CPU
		{07DAE35B-8EED-4395-BD4B-CA3FCF1A00A1}.Debug|ARM.ActiveCfg = Debug|Any CPU
		{07DAE35B-8EED-4395-BD4B-CA3FCF1A00A1}.Debug|ARM.Build.0 = Debug|Any CPU
		{07DAE35B-8EED-4395-BD4B-CA3FCF1A00A1}.Debug|iPhone.ActiveCfg = Debug|Any CPU
		{07DAE35B-8EED-4395-BD4B-CA3FCF1A00A1}.Debug|iPhone.Build.0 = Debug|Any CPU
		{07DAE35B-8EED-4395-BD4B-CA3FCF1A00A1}.Debug|iPhoneSimulator.ActiveCfg = Debug|Any CPU
		{07DAE35B-8EED-4395-BD4B-CA3FCF1A00A1}.Debug|iPhoneSimulator.Build.0 = Debug|Any CPU
		{07DAE35B-8EED-4395-BD4B-CA3FCF1A00A1}.Debug|x64.ActiveCfg = Debug|Any CPU
		{07DAE35B-8EED-4395-BD4B-CA3FCF1A00A1}.Debug|x64.Build.0 = Debug|Any CPU
		{07DAE35B-8EED-4395-BD4B-CA3FCF1A00A1}.Debug|x86.ActiveCfg = Debug|Any CPU
		{07DAE35B-8EED-4395-BD4B-CA3FCF1A00A1}.Debug|x86.Build.0 = Debug|Any CPU
		{07DAE35B-8EED-4395-BD4B-CA3FCF1A00A1}.Release|Any CPU.ActiveCfg = Release|Any CPU
		{07DAE35B-8EED-4395-BD4B-CA3FCF1A00A1}.Release|Any CPU.Build.0 = Release|Any CPU
		{07DAE35B-8EED-4395-BD4B-CA3FCF1A00A1}.Release|ARM.ActiveCfg = Release|Any CPU
		{07DAE35B-8EED-4395-BD4B-CA3FCF1A00A1}.Release|ARM.Build.0 = Release|Any CPU
		{07DAE35B-8EED-4395-BD4B-CA3FCF1A00A1}.Release|iPhone.ActiveCfg = Release|Any CPU
		{07DAE35B-8EED-4395-BD4B-CA3FCF1A00A1}.Release|iPhone.Build.0 = Release|Any CPU
		{07DAE35B-8EED-4395-BD4B-CA3FCF1A00A1}.Release|iPhoneSimulator.ActiveCfg = Release|Any CPU
		{07DAE35B-8EED-4395-BD4B-CA3FCF1A00A1}.Release|iPhoneSimulator.Build.0 = Release|Any CPU
		{07DAE35B-8EED-4395-BD4B-CA3FCF1A00A1}.Release|x64.ActiveCfg = Release|Any CPU
		{07DAE35B-8EED-4395-BD4B-CA3FCF1A00A1}.Release|x64.Build.0 = Release|Any CPU
		{07DAE35B-8EED-4395-BD4B-CA3FCF1A00A1}.Release|x86.ActiveCfg = Release|Any CPU
		{07DAE35B-8EED-4395-BD4B-CA3FCF1A00A1}.Release|x86.Build.0 = Release|Any CPU
	EndGlobalSection
	GlobalSection(SolutionProperties) = preSolution
		HideSolutionNode = FALSE
	EndGlobalSection
EndGlobal
